
Microsoft Visual Studio Solution File, Format Version 12.00
# Visual Studio 15
VisualStudioVersion = 15.0.28010.2026
MinimumVisualStudioVersion = 10.0.40219.1
Project("{FAE04EC0-301F-11D3-BF4B-00C04F79EFBC}") = "ArticleSplicer", "ArticleSplicer\ArticleSplicer.csproj", "{81EEBBE4-02B2-4019-B28C-9CF92C3EF1E2}"
EndProject
Global
	GlobalSection(SolutionConfigurationPlatforms) = preSolution
		Debug|Any CPU = Debug|Any CPU
		Release|Any CPU = Release|Any CPU
	EndGlobalSection
	GlobalSection(ProjectConfigurationPlatforms) = postSolution
		{81EEBBE4-02B2-4019-B28C-9CF92C3EF1E2}.Debug|Any CPU.ActiveCfg = Debug|Any CPU
		{81EEBBE4-02B2-4019-B28C-9CF92C3EF1E2}.Debug|Any CPU.Build.0 = Debug|Any CPU
		{81EEBBE4-02B2-4019-B28C-9CF92C3EF1E2}.Release|Any CPU.ActiveCfg = Release|Any CPU
		{81EEBBE4-02B2-4019-B28C-9CF92C3EF1E2}.Release|Any CPU.Build.0 = Release|Any CPU
	EndGlobalSection
	GlobalSection(SolutionProperties) = preSolution
		HideSolutionNode = FALSE
	EndGlobalSection
	GlobalSection(ExtensibilityGlobals) = postSolution
		SolutionGuid = {467AE4A9-13C4-4780-A1F4-4A715598F260}
	EndGlobalSection
EndGlobal
